{
  "name": "notes-demo-spa",
  "version": "0.0.1",
  "lockfileVersion": 2,
  "requires": true,
  "packages": {
    "": {
      "name": "notes-demo-spa",
      "version": "0.0.1",
      "license": "ISC",
      "dependencies": {
        "@rora/javascript-adapter": "^0.0.2"
      }
    },
    "../javascript-adapter": {
      "name": "@rora/javascript-adapter",
      "version": "0.0.1",
      "extraneous": true,
      "license": "ISC",
      "dependencies": {
        "morphdom": "^2.6.1"
      },
      "devDependencies": {
        "esbuild": "^0.14.21"
      }
    },
    "node_modules/@rora/javascript-adapter": {
      "version": "0.0.2",
      "resolved": "https://registry.npmjs.org/@rora/javascript-adapter/-/javascript-adapter-0.0.2.tgz",
      "integrity": "sha512-RM1DfII8vexXm4h1MZBdbuagDFoR/E6HvzFS9/EJBCkocFoyzuVvLyYK9lmq2YmGpWwK/MZqxwlask6VXQbW1A==",
      "dependencies": {
        "morphdom": "^2.6.1"
      }
    },
    "node_modules/morphdom": {
      "version": "2.6.1",
      "resolved": "https://registry.npmjs.org/morphdom/-/morphdom-2.6.1.tgz",
      "integrity": "sha512-Y8YRbAEP3eKykroIBWrjcfMw7mmwJfjhqdpSvoqinu8Y702nAwikpXcNFDiIkyvfCLxLM9Wu95RZqo4a9jFBaA=="
    }
  },
  "dependencies": {
    "@rora/javascript-adapter": {
      "version": "0.0.2",
      "resolved": "https://registry.npmjs.org/@rora/javascript-adapter/-/javascript-adapter-0.0.2.tgz",
      "integrity": "sha512-RM1DfII8vexXm4h1MZBdbuagDFoR/E6HvzFS9/EJBCkocFoyzuVvLyYK9lmq2YmGpWwK/MZqxwlask6VXQbW1A==",
      "requires": {
        "morphdom": "^2.6.1"
      }
    },
    "morphdom": {
      "version": "2.6.1",
      "resolved": "https://registry.npmjs.org/morphdom/-/morphdom-2.6.1.tgz",
      "integrity": "sha512-Y8YRbAEP3eKykroIBWrjcfMw7mmwJfjhqdpSvoqinu8Y702nAwikpXcNFDiIkyvfCLxLM9Wu95RZqo4a9jFBaA=="
    }
  }
}
